// !$*UTF8*$!
{
	archiveVersion = 1;
	classes = {
	};
	objectVersion = 50;
	objects = {

/* Begin PBXBuildFile section */
		8C0CAF0A214C3FFF00B635C8 /* achievements.json in Resources */ = {isa = PBXBuildFile; fileRef = 8C0CAF09214C3FFF00B635C8 /* achievements.json */; };
		8C0CAF18214CD37C00B635C8 /* SCEntity.swift in Sources */ = {isa = PBXBuildFile; fileRef = 8C0CAF17214CD37C00B635C8 /* SCEntity.swift */; };
		8C0CAF1A214CD70400B635C8 /* SCInteractor.swift in Sources */ = {isa = PBXBuildFile; fileRef = 8C0CAF19214CD70400B635C8 /* SCInteractor.swift */; };
		8C2DBA53214C262D00F502BC /* AppDelegate.swift in Sources */ = {isa = PBXBuildFile; fileRef = 8C2DBA52214C262D00F502BC /* AppDelegate.swift */; };
		8C2DBA55214C262D00F502BC /* SCViewController.swift in Sources */ = {isa = PBXBuildFile; fileRef = 8C2DBA54214C262D00F502BC /* SCViewController.swift */; };
		8C2DBA58214C262D00F502BC /* Main.storyboard in Resources */ = {isa = PBXBuildFile; fileRef = 8C2DBA56214C262D00F502BC /* Main.storyboard */; };
		8C2DBA5A214C262E00F502BC /* Assets.xcassets in Resources */ = {isa = PBXBuildFile; fileRef = 8C2DBA59214C262E00F502BC /* Assets.xcassets */; };
		8C2DBA5D214C262E00F502BC /* LaunchScreen.storyboard in Resources */ = {isa = PBXBuildFile; fileRef = 8C2DBA5B214C262E00F502BC /* LaunchScreen.storyboard */; };
		8CD2DD21214DD399000099FC /* SCProtocols.swift in Sources */ = {isa = PBXBuildFile; fileRef = 8CD2DD20214DD399000099FC /* SCProtocols.swift */; };
		8CD2DD25214DD80A000099FC /* SCRouter.swift in Sources */ = {isa = PBXBuildFile; fileRef = 8CD2DD24214DD80A000099FC /* SCRouter.swift */; };
		8CD2DD27214E2C40000099FC /* SCPresenter.swift in Sources */ = {isa = PBXBuildFile; fileRef = 8CD2DD26214E2C40000099FC /* SCPresenter.swift */; };
/* End PBXBuildFile section */

/* Begin PBXFileReference section */
		8C0CAF09214C3FFF00B635C8 /* achievements.json */ = {isa = PBXFileReference; fileEncoding = 4; lastKnownFileType = text.json; path = achievements.json; sourceTree = "<group>"; };
		8C0CAF17214CD37C00B635C8 /* SCEntity.swift */ = {isa = PBXFileReference; lastKnownFileType = sourcecode.swift; path = SCEntity.swift; sourceTree = "<group>"; };
		8C0CAF19214CD70400B635C8 /* SCInteractor.swift */ = {isa = PBXFileReference; lastKnownFileType = sourcecode.swift; path = SCInteractor.swift; sourceTree = "<group>"; };
		8C2DBA4F214C262D00F502BC /* Stash Challenge.app */ = {isa = PBXFileReference; explicitFileType = wrapper.application; includeInIndex = 0; path = "Stash Challenge.app"; sourceTree = BUILT_PRODUCTS_DIR; };
		8C2DBA52214C262D00F502BC /* AppDelegate.swift */ = {isa = PBXFileReference; lastKnownFileType = sourcecode.swift; path = AppDelegate.swift; sourceTree = "<group>"; };
		8C2DBA54214C262D00F502BC /* SCViewController.swift */ = {isa = PBXFileReference; lastKnownFileType = sourcecode.swift; path = SCViewController.swift; sourceTree = "<group>"; };
		8C2DBA57214C262D00F502BC /* Base */ = {isa = PBXFileReference; lastKnownFileType = file.storyboard; name = Base; path = Base.lproj/Main.storyboard; sourceTree = "<group>"; };
		8C2DBA59214C262E00F502BC /* Assets.xcassets */ = {isa = PBXFileReference; lastKnownFileType = folder.assetcatalog; path = Assets.xcassets; sourceTree = "<group>"; };
		8C2DBA5C214C262E00F502BC /* Base */ = {isa = PBXFileReference; lastKnownFileType = file.storyboard; name = Base; path = Base.lproj/LaunchScreen.storyboard; sourceTree = "<group>"; };
		8C2DBA5E214C262E00F502BC /* Info.plist */ = {isa = PBXFileReference; lastKnownFileType = text.plist.xml; path = Info.plist; sourceTree = "<group>"; };
		8CD2DD20214DD399000099FC /* SCProtocols.swift */ = {isa = PBXFileReference; lastKnownFileType = sourcecode.swift; path = SCProtocols.swift; sourceTree = "<group>"; };
		8CD2DD24214DD80A000099FC /* SCRouter.swift */ = {isa = PBXFileReference; lastKnownFileType = sourcecode.swift; path = SCRouter.swift; sourceTree = "<group>"; };
		8CD2DD26214E2C40000099FC /* SCPresenter.swift */ = {isa = PBXFileReference; lastKnownFileType = sourcecode.swift; path = SCPresenter.swift; sourceTree = "<group>"; };
/* End PBXFileReference section */

/* Begin PBXFrameworksBuildPhase section */
		8C2DBA4C214C262D00F502BC /* Frameworks */ = {
			isa = PBXFrameworksBuildPhase;
			buildActionMask = 2147483647;
			files = (
			);
			runOnlyForDeploymentPostprocessing = 0;
		};
/* End PBXFrameworksBuildPhase section */

/* Begin PBXGroup section */
		8C0CAF0D214CD22000B635C8 /* Modules */ = {
			isa = PBXGroup;
			children = (
				8C0CAF16214CD33200B635C8 /* View */,
				8C0CAF15214CD32300B635C8 /* Presenter */,
				8C0CAF13214CD30700B635C8 /* Interactor */,
				8C0CAF12214CD2C400B635C8 /* Entity */,
				8C0CAF14214CD31D00B635C8 /* Router */,
				8C0CAF11214CD29300B635C8 /* Protocols */,
			);
			path = Modules;
			sourceTree = "<group>";
		};
		8C0CAF11214CD29300B635C8 /* Protocols */ = {
			isa = PBXGroup;
			children = (
				8CD2DD20214DD399000099FC /* SCProtocols.swift */,
			);
			path = Protocols;
			sourceTree = "<group>";
		};
		8C0CAF12214CD2C400B635C8 /* Entity */ = {
			isa = PBXGroup;
			children = (
				8C0CAF17214CD37C00B635C8 /* SCEntity.swift */,
			);
			path = Entity;
			sourceTree = "<group>";
		};
		8C0CAF13214CD30700B635C8 /* Interactor */ = {
			isa = PBXGroup;
			children = (
				8C0CAF19214CD70400B635C8 /* SCInteractor.swift */,
			);
			path = Interactor;
			sourceTree = "<group>";
		};
		8C0CAF14214CD31D00B635C8 /* Router */ = {
			isa = PBXGroup;
			children = (
				8CD2DD24214DD80A000099FC /* SCRouter.swift */,
			);
			path = Router;
			sourceTree = "<group>";
		};
		8C0CAF15214CD32300B635C8 /* Presenter */ = {
			isa = PBXGroup;
			children = (
				8CD2DD26214E2C40000099FC /* SCPresenter.swift */,
			);
			path = Presenter;
			sourceTree = "<group>";
		};
		8C0CAF16214CD33200B635C8 /* View */ = {
			isa = PBXGroup;
			children = (
				8C2DBA54214C262D00F502BC /* SCViewController.swift */,
			);
			path = View;
			sourceTree = "<group>";
		};
		8C2DBA46214C262C00F502BC = {
			isa = PBXGroup;
			children = (
				8C2DBA51214C262D00F502BC /* Stash Challenge */,
				8C2DBA50214C262D00F502BC /* Products */,
			);
			sourceTree = "<group>";
		};
		8C2DBA50214C262D00F502BC /* Products */ = {
			isa = PBXGroup;
			children = (
				8C2DBA4F214C262D00F502BC /* Stash Challenge.app */,
			);
			name = Products;
			sourceTree = "<group>";
		};
		8C2DBA51214C262D00F502BC /* Stash Challenge */ = {
			isa = PBXGroup;
			children = (
				8C0CAF0D214CD22000B635C8 /* Modules */,
				8C2DBA52214C262D00F502BC /* AppDelegate.swift */,
				8C2DBA56214C262D00F502BC /* Main.storyboard */,
				8C0CAF09214C3FFF00B635C8 /* achievements.json */,
				8C2DBA59214C262E00F502BC /* Assets.xcassets */,
				8C2DBA5B214C262E00F502BC /* LaunchScreen.storyboard */,
				8C2DBA5E214C262E00F502BC /* Info.plist */,
			);
			path = "Stash Challenge";
			sourceTree = "<group>";
		};
/* End PBXGroup section */

/* Begin PBXNativeTarget section */
		8C2DBA4E214C262D00F502BC /* Stash Challenge */ = {
			isa = PBXNativeTarget;
			buildConfigurationList = 8C2DBA61214C262E00F502BC /* Build configuration list for PBXNativeTarget "Stash Challenge" */;
			buildPhases = (
				8C2DBA4B214C262D00F502BC /* Sources */,
				8C2DBA4C214C262D00F502BC /* Frameworks */,
				8C2DBA4D214C262D00F502BC /* Resources */,
			);
			buildRules = (
			);
			dependencies = (
			);
			name = "Stash Challenge";
			productName = "Stash Challenge";
			productReference = 8C2DBA4F214C262D00F502BC /* Stash Challenge.app */;
			productType = "com.apple.product-type.application";
		};
/* End PBXNativeTarget section */

/* Begin PBXProject section */
		8C2DBA47214C262C00F502BC /* Project object */ = {
			isa = PBXProject;
			attributes = {
				LastSwiftUpdateCheck = 0940;
				LastUpgradeCheck = 0940;
				ORGANIZATIONNAME = "Miguel Tepale";
				TargetAttributes = {
					8C2DBA4E214C262D00F502BC = {
						CreatedOnToolsVersion = 9.4.1;
					};
				};
			};
			buildConfigurationList = 8C2DBA4A214C262C00F502BC /* Build configuration list for PBXProject "Stash Challenge" */;
			compatibilityVersion = "Xcode 9.3";
			developmentRegion = en;
			hasScannedForEncodings = 0;
			knownRegions = (
				en,
				Base,
			);
			mainGroup = 8C2DBA46214C262C00F502BC;
			productRefGroup = 8C2DBA50214C262D00F502BC /* Products */;
			projectDirPath = "";
			projectRoot = "";
			targets = (
				8C2DBA4E214C262D00F502BC /* Stash Challenge */,
			);
		};
/* End PBXProject section */

/* Begin PBXResourcesBuildPhase section */
		8C2DBA4D214C262D00F502BC /* Resources */ = {
			isa = PBXResourcesBuildPhase;
			buildActionMask = 2147483647;
			files = (
				8C2DBA5D214C262E00F502BC /* LaunchScreen.storyboard in Resources */,
				8C0CAF0A214C3FFF00B635C8 /* achievements.json in Resources */,
				8C2DBA5A214C262E00F502BC /* Assets.xcassets in Resources */,
				8C2DBA58214C262D00F502BC /* Main.storyboard in Resources */,
			);
			runOnlyForDeploymentPostprocessing = 0;
		};
/* End PBXResourcesBuildPhase section */

/* Begin PBXSourcesBuildPhase section */
		8C2DBA4B214C262D00F502BC /* Sources */ = {
			isa = PBXSourcesBuildPhase;
			buildActionMask = 2147483647;
			files = (
				8C0CAF1A214CD70400B635C8 /* SCInteractor.swift in Sources */,
				8C0CAF18214CD37C00B635C8 /* SCEntity.swift in Sources */,
				8CD2DD25214DD80A000099FC /* SCRouter.swift in Sources */,
				8CD2DD27214E2C40000099FC /* SCPresenter.swift in Sources */,
				8C2DBA55214C262D00F502BC /* SCViewController.swift in Sources */,
				8C2DBA53214C262D00F502BC /* AppDelegate.swift in Sources */,
				8CD2DD21214DD399000099FC /* SCProtocols.swift in Sources */,
			);
			runOnlyForDeploymentPostprocessing = 0;
		};
/* End PBXSourcesBuildPhase section */

/* Begin PBXVariantGroup section */
		8C2DBA56214C262D00F502BC /* Main.storyboard */ = {
			isa = PBXVariantGroup;
			children = (
				8C2DBA57214C262D00F502BC /* Base */,
			);
			name = Main.storyboard;
			sourceTree = "<group>";
		};
		8C2DBA5B214C262E00F502BC /* LaunchScreen.storyboard */ = {
			isa = PBXVariantGroup;
			children = (
				8C2DBA5C214C262E00F502BC /* Base */,
			);
			name = LaunchScreen.storyboard;
			sourceTree = "<group>";
		};
/* End PBXVariantGroup section */

/* Begin XCBuildConfiguration section */
		8C2DBA5F214C262E00F502BC /* Debug */ = {
			isa = XCBuildConfiguration;
			buildSettings = {
				ALWAYS_SEARCH_USER_PATHS = NO;
				CLANG_ANALYZER_NONNULL = YES;
				CLANG_ANALYZER_NUMBER_OBJECT_CONVERSION = YES_AGGRESSIVE;
				CLANG_CXX_LANGUAGE_STANDARD = "gnu++14";
				CLANG_CXX_LIBRARY = "libc++";
				CLANG_ENABLE_MODULES = YES;
				CLANG_ENABLE_OBJC_ARC = YES;
				CLANG_ENABLE_OBJC_WEAK = YES;
				CLANG_WARN_BLOCK_CAPTURE_AUTORELEASING = YES;
				CLANG_WARN_BOOL_CONVERSION = YES;
				CLANG_WARN_COMMA = YES;
				CLANG_WARN_CONSTANT_CONVERSION = YES;
				CLANG_WARN_DEPRECATED_OBJC_IMPLEMENTATIONS = YES;
				CLANG_WARN_DIRECT_OBJC_ISA_USAGE = YES_ERROR;
				CLANG_WARN_DOCUMENTATION_COMMENTS = YES;
				CLANG_WARN_EMPTY_BODY = YES;
				CLANG_WARN_ENUM_CONVERSION = YES;
				CLANG_WARN_INFINITE_RECURSION = YES;
				CLANG_WARN_INT_CONVERSION = YES;
				CLANG_WARN_NON_LITERAL_NULL_CONVERSION = YES;
				CLANG_WARN_OBJC_IMPLICIT_RETAIN_SELF = YES;
				CLANG_WARN_OBJC_LITERAL_CONVERSION = YES;
				CLANG_WARN_OBJC_ROOT_CLASS = YES_ERROR;
				CLANG_WARN_RANGE_LOOP_ANALYSIS = YES;
				CLANG_WARN_STRICT_PROTOTYPES = YES;
				CLANG_WARN_SUSPICIOUS_MOVE = YES;
				CLANG_WARN_UNGUARDED_AVAILABILITY = YES_AGGRESSIVE;
				CLANG_WARN_UNREACHABLE_CODE = YES;
				CLANG_WARN__DUPLICATE_METHOD_MATCH = YES;
				CODE_SIGN_IDENTITY = "iPhone Developer";
				COPY_PHASE_STRIP = NO;
				DEBUG_INFORMATION_FORMAT = dwarf;
				ENABLE_STRICT_OBJC_MSGSEND = YES;
				ENABLE_TESTABILITY = YES;
				GCC_C_LANGUAGE_STANDARD = gnu11;
				GCC_DYNAMIC_NO_PIC = NO;
				GCC_NO_COMMON_BLOCKS = YES;
				GCC_OPTIMIZATION_LEVEL = 0;
				GCC_PREPROCESSOR_DEFINITIONS = (
					"DEBUG=1",
					"$(inherited)",
				);
				GCC_WARN_64_TO_32_BIT_CONVERSION = YES;
				GCC_WARN_ABOUT_RETURN_TYPE = YES_ERROR;
				GCC_WARN_UNDECLARED_SELECTOR = YES;
				GCC_WARN_UNINITIALIZED_AUTOS = YES_AGGRESSIVE;
				GCC_WARN_UNUSED_FUNCTION = YES;
				GCC_WARN_UNUSED_VARIABLE = YES;
				IPHONEOS_DEPLOYMENT_TARGET = 11.4;
				MTL_ENABLE_DEBUG_INFO = YES;
				ONLY_ACTIVE_ARCH = YES;
				SDKROOT = iphoneos;
				SWIFT_ACTIVE_COMPILATION_CONDITIONS = DEBUG;
				SWIFT_OPTIMIZATION_LEVEL = "-Onone";
			};
			name = Debug;
		};
		8C2DBA60214C262E00F502BC /* Release */ = {
			isa = XCBuildConfiguration;
			buildSettings = {
				ALWAYS_SEARCH_USER_PATHS = NO;
				CLANG_ANALYZER_NONNULL = YES;
				CLANG_ANALYZER_NUMBER_OBJECT_CONVERSION = YES_AGGRESSIVE;
				CLANG_CXX_LANGUAGE_STANDARD = "gnu++14";
				CLANG_CXX_LIBRARY = "libc++";
				CLANG_ENABLE_MODULES = YES;
				CLANG_ENABLE_OBJC_ARC = YES;
				CLANG_ENABLE_OBJC_WEAK = YES;
				CLANG_WARN_BLOCK_CAPTURE_AUTORELEASING = YES;
				CLANG_WARN_BOOL_CONVERSION = YES;
				CLANG_WARN_COMMA = YES;
				CLANG_WARN_CONSTANT_CONVERSION = YES;
				CLANG_WARN_DEPRECATED_OBJC_IMPLEMENTATIONS = YES;
				CLANG_WARN_DIRECT_OBJC_ISA_USAGE = YES_ERROR;
				CLANG_WARN_DOCUMENTATION_COMMENTS = YES;
				CLANG_WARN_EMPTY_BODY = YES;
				CLANG_WARN_ENUM_CONVERSION = YES;
				CLANG_WARN_INFINITE_RECURSION = YES;
				CLANG_WARN_INT_CONVERSION = YES;
				CLANG_WARN_NON_LITERAL_NULL_CONVERSION = YES;
				CLANG_WARN_OBJC_IMPLICIT_RETAIN_SELF = YES;
				CLANG_WARN_OBJC_LITERAL_CONVERSION = YES;
				CLANG_WARN_OBJC_ROOT_CLASS = YES_ERROR;
				CLANG_WARN_RANGE_LOOP_ANALYSIS = YES;
				CLANG_WARN_STRICT_PROTOTYPES = YES;
				CLANG_WARN_SUSPICIOUS_MOVE = YES;
				CLANG_WARN_UNGUARDED_AVAILABILITY = YES_AGGRESSIVE;
				CLANG_WARN_UNREACHABLE_CODE = YES;
				CLANG_WARN__DUPLICATE_METHOD_MATCH = YES;
				CODE_SIGN_IDENTITY = "iPhone Developer";
				COPY_PHASE_STRIP = NO;
				DEBUG_INFORMATION_FORMAT = "dwarf-with-dsym";
				ENABLE_NS_ASSERTIONS = NO;
				ENABLE_STRICT_OBJC_MSGSEND = YES;
				GCC_C_LANGUAGE_STANDARD = gnu11;
				GCC_NO_COMMON_BLOCKS = YES;
				GCC_WARN_64_TO_32_BIT_CONVERSION = YES;
				GCC_WARN_ABOUT_RETURN_TYPE = YES_ERROR;
				GCC_WARN_UNDECLARED_SELECTOR = YES;
				GCC_WARN_UNINITIALIZED_AUTOS = YES_AGGRESSIVE;
				GCC_WARN_UNUSED_FUNCTION = YES;
				GCC_WARN_UNUSED_VARIABLE = YES;
				IPHONEOS_DEPLOYMENT_TARGET = 11.4;
				MTL_ENABLE_DEBUG_INFO = NO;
				SDKROOT = iphoneos;
				SWIFT_COMPILATION_MODE = wholemodule;
				SWIFT_OPTIMIZATION_LEVEL = "-O";
				VALIDATE_PRODUCT = YES;
			};
			name = Release;
		};
		8C2DBA62214C262E00F502BC /* Debug */ = {
			isa = XCBuildConfiguration;
			buildSettings = {
				ASSETCATALOG_COMPILER_APPICON_NAME = AppIcon;
				CODE_SIGN_STYLE = Automatic;
				DEVELOPMENT_TEAM = 5C8D6R84CB;
				INFOPLIST_FILE = "Stash Challenge/Info.plist";
				LD_RUNPATH_SEARCH_PATHS = (
					"$(inherited)",
					"@executable_path/Frameworks",
				);
				PRODUCT_BUNDLE_IDENTIFIER = "com.miguelTepale.Stash-Challenge";
				PRODUCT_NAME = "$(TARGET_NAME)";
				SWIFT_VERSION = 4.0;
				TARGETED_DEVICE_FAMILY = "1,2";
			};
			name = Debug;
		};
		8C2DBA63214C262E00F502BC /* Release */ = {
			isa = XCBuildConfiguration;
			buildSettings = {
				ASSETCATALOG_COMPILER_APPICON_NAME = AppIcon;
				CODE_SIGN_STYLE = Automatic;
				DEVELOPMENT_TEAM = 5C8D6R84CB;
				INFOPLIST_FILE = "Stash Challenge/Info.plist";
				LD_RUNPATH_SEARCH_PATHS = (
					"$(inherited)",
					"@executable_path/Frameworks",
				);
				PRODUCT_BUNDLE_IDENTIFIER = "com.miguelTepale.Stash-Challenge";
				PRODUCT_NAME = "$(TARGET_NAME)";
				SWIFT_VERSION = 4.0;
				TARGETED_DEVICE_FAMILY = "1,2";
			};
			name = Release;
		};
/* End XCBuildConfiguration section */

/* Begin XCConfigurationList section */
		8C2DBA4A214C262C00F502BC /* Build configuration list for PBXProject "Stash Challenge" */ = {
			isa = XCConfigurationList;
			buildConfigurations = (
				8C2DBA5F214C262E00F502BC /* Debug */,
				8C2DBA60214C262E00F502BC /* Release */,
			);
			defaultConfigurationIsVisible = 0;
			defaultConfigurationName = Release;
		};
		8C2DBA61214C262E00F502BC /* Build configuration list for PBXNativeTarget "Stash Challenge" */ = {
			isa = XCConfigurationList;
			buildConfigurations = (
				8C2DBA62214C262E00F502BC /* Debug */,
				8C2DBA63214C262E00F502BC /* Release */,
			);
			defaultConfigurationIsVisible = 0;
			defaultConfigurationName = Release;
		};
/* End XCConfigurationList section */
	};
	rootObject = 8C2DBA47214C262C00F502BC /* Project object */;
}
